
Microsoft Visual Studio Solution File, Format Version 12.00
# Visual Studio Version 17
VisualStudioVersion = 17.7.34221.43
MinimumVisualStudioVersion = 10.0.40219.1
Project("{FAE04EC0-301F-11D3-BF4B-00C04F79EFBC}") = "WebAppPizza", "WebAppPizza\WebAppPizza.csproj", "{F5FE0920-964C-44C8-816A-1F49C6B43189}"
EndProject
Global
	GlobalSection(SolutionConfigurationPlatforms) = preSolution
		Debug|Any CPU = Debug|Any CPU
		Release|Any CPU = Release|Any CPU
	EndGlobalSection
	GlobalSection(ProjectConfigurationPlatforms) = postSolution
		{F5FE0920-964C-44C8-816A-1F49C6B43189}.Debug|Any CPU.ActiveCfg = Debug|Any CPU
		{F5FE0920-964C-44C8-816A-1F49C6B43189}.Debug|Any CPU.Build.0 = Debug|Any CPU
		{F5FE0920-964C-44C8-816A-1F49C6B43189}.Release|Any CPU.ActiveCfg = Release|Any CPU
		{F5FE0920-964C-44C8-816A-1F49C6B43189}.Release|Any CPU.Build.0 = Release|Any CPU
	EndGlobalSection
	GlobalSection(SolutionProperties) = preSolution
		HideSolutionNode = FALSE
	EndGlobalSection
	GlobalSection(ExtensibilityGlobals) = postSolution
		SolutionGuid = {505B2E14-EB67-4EA4-8BAA-389C73ADDF20}
	EndGlobalSection
EndGlobal
